
Microsoft Visual Studio Solution File, Format Version 12.00
Project("{FAE04EC0-301F-11D3-BF4B-00C04F79EFBC}") = "interview.Api", "interview.Api\interview.Api.csproj", "{378F402F-E75E-4348-86B6-54B6F7FA12E9}"
EndProject
Project("{FAE04EC0-301F-11D3-BF4B-00C04F79EFBC}") = "interview.Domain", "interview.Domain\interview.Domain.csproj", "{85F742B8-A49A-4274-88BC-6D1A6D0F3A21}"
EndProject
Global
	GlobalSection(SolutionConfigurationPlatforms) = preSolution
		Debug|Any CPU = Debug|Any CPU
		Release|Any CPU = Release|Any CPU
	EndGlobalSection
	GlobalSection(ProjectConfigurationPlatforms) = postSolution
		{378F402F-E75E-4348-86B6-54B6F7FA12E9}.Debug|Any CPU.ActiveCfg = Debug|Any CPU
		{378F402F-E75E-4348-86B6-54B6F7FA12E9}.Debug|Any CPU.Build.0 = Debug|Any CPU
		{378F402F-E75E-4348-86B6-54B6F7FA12E9}.Release|Any CPU.ActiveCfg = Release|Any CPU
		{378F402F-E75E-4348-86B6-54B6F7FA12E9}.Release|Any CPU.Build.0 = Release|Any CPU
		{85F742B8-A49A-4274-88BC-6D1A6D0F3A21}.Debug|Any CPU.ActiveCfg = Debug|Any CPU
		{85F742B8-A49A-4274-88BC-6D1A6D0F3A21}.Debug|Any CPU.Build.0 = Debug|Any CPU
		{85F742B8-A49A-4274-88BC-6D1A6D0F3A21}.Release|Any CPU.ActiveCfg = Release|Any CPU
		{85F742B8-A49A-4274-88BC-6D1A6D0F3A21}.Release|Any CPU.Build.0 = Release|Any CPU
	EndGlobalSection
EndGlobal
